
Microsoft Visual Studio Solution File, Format Version 12.00
# Visual Studio 15
Project("{FAE04EC0-301F-11D3-BF4B-00C04F79EFBC}") = "KartGame", "KartGame.csproj", "{7A9DE2D8-AB52-52BB-D872-F255ED653ED6}"
EndProject
Project("{FAE04EC0-301F-11D3-BF4B-00C04F79EFBC}") = "KartGame.AI", "KartGame.AI.csproj", "{92D03B8F-0537-6F4A-A6DF-BAFF983E2907}"
EndProject
Project("{FAE04EC0-301F-11D3-BF4B-00C04F79EFBC}") = "Assembly-CSharp", "Assembly-CSharp.csproj", "{85809B92-AE64-8756-2804-A722C4E0CBF7}"
EndProject
Project("{FAE04EC0-301F-11D3-BF4B-00C04F79EFBC}") = "Unity.Microgame.Tutorials", "Unity.Microgame.Tutorials.csproj", "{EDAC1F9A-2241-AB80-233E-81A7C6BA181F}"
EndProject
Project("{FAE04EC0-301F-11D3-BF4B-00C04F79EFBC}") = "KartGame.AI.Editor", "KartGame.AI.Editor.csproj", "{5243C0B9-F670-B10B-13A9-64ED368E503E}"
EndProject
Project("{FAE04EC0-301F-11D3-BF4B-00C04F79EFBC}") = "KartGame.Editor", "KartGame.Editor.csproj", "{971A6139-F63E-B129-6C8D-451121F80CBA}"
EndProject
Project("{FAE04EC0-301F-11D3-BF4B-00C04F79EFBC}") = "Unity.Karting.Tutorials", "Unity.Karting.Tutorials.csproj", "{4FAD9970-D0B5-A225-2091-5FDA43B3C6DC}"
EndProject
Global
	GlobalSection(SolutionConfigurationPlatforms) = preSolution
		Debug|Any CPU = Debug|Any CPU
		Release|Any CPU = Release|Any CPU
	EndGlobalSection
	GlobalSection(ProjectConfigurationPlatforms) = postSolution
		{7A9DE2D8-AB52-52BB-D872-F255ED653ED6}.Debug|Any CPU.ActiveCfg = Debug|Any CPU
		{7A9DE2D8-AB52-52BB-D872-F255ED653ED6}.Debug|Any CPU.Build.0 = Debug|Any CPU
		{7A9DE2D8-AB52-52BB-D872-F255ED653ED6}.Release|Any CPU.ActiveCfg = Release|Any CPU
		{7A9DE2D8-AB52-52BB-D872-F255ED653ED6}.Release|Any CPU.Build.0 = Release|Any CPU
		{92D03B8F-0537-6F4A-A6DF-BAFF983E2907}.Debug|Any CPU.ActiveCfg = Debug|Any CPU
		{92D03B8F-0537-6F4A-A6DF-BAFF983E2907}.Debug|Any CPU.Build.0 = Debug|Any CPU
		{92D03B8F-0537-6F4A-A6DF-BAFF983E2907}.Release|Any CPU.ActiveCfg = Release|Any CPU
		{92D03B8F-0537-6F4A-A6DF-BAFF983E2907}.Release|Any CPU.Build.0 = Release|Any CPU
		{85809B92-AE64-8756-2804-A722C4E0CBF7}.Debug|Any CPU.ActiveCfg = Debug|Any CPU
		{85809B92-AE64-8756-2804-A722C4E0CBF7}.Debug|Any CPU.Build.0 = Debug|Any CPU
		{85809B92-AE64-8756-2804-A722C4E0CBF7}.Release|Any CPU.ActiveCfg = Release|Any CPU
		{85809B92-AE64-8756-2804-A722C4E0CBF7}.Release|Any CPU.Build.0 = Release|Any CPU
		{EDAC1F9A-2241-AB80-233E-81A7C6BA181F}.Debug|Any CPU.ActiveCfg = Debug|Any CPU
		{EDAC1F9A-2241-AB80-233E-81A7C6BA181F}.Debug|Any CPU.Build.0 = Debug|Any CPU
		{EDAC1F9A-2241-AB80-233E-81A7C6BA181F}.Release|Any CPU.ActiveCfg = Release|Any CPU
		{EDAC1F9A-2241-AB80-233E-81A7C6BA181F}.Release|Any CPU.Build.0 = Release|Any CPU
		{5243C0B9-F670-B10B-13A9-64ED368E503E}.Debug|Any CPU.ActiveCfg = Debug|Any CPU
		{5243C0B9-F670-B10B-13A9-64ED368E503E}.Debug|Any CPU.Build.0 = Debug|Any CPU
		{5243C0B9-F670-B10B-13A9-64ED368E503E}.Release|Any CPU.ActiveCfg = Release|Any CPU
		{5243C0B9-F670-B10B-13A9-64ED368E503E}.Release|Any CPU.Build.0 = Release|Any CPU
		{971A6139-F63E-B129-6C8D-451121F80CBA}.Debug|Any CPU.ActiveCfg = Debug|Any CPU
		{971A6139-F63E-B129-6C8D-451121F80CBA}.Debug|Any CPU.Build.0 = Debug|Any CPU
		{971A6139-F63E-B129-6C8D-451121F80CBA}.Release|Any CPU.ActiveCfg = Release|Any CPU
		{971A6139-F63E-B129-6C8D-451121F80CBA}.Release|Any CPU.Build.0 = Release|Any CPU
		{4FAD9970-D0B5-A225-2091-5FDA43B3C6DC}.Debug|Any CPU.ActiveCfg = Debug|Any CPU
		{4FAD9970-D0B5-A225-2091-5FDA43B3C6DC}.Debug|Any CPU.Build.0 = Debug|Any CPU
		{4FAD9970-D0B5-A225-2091-5FDA43B3C6DC}.Release|Any CPU.ActiveCfg = Release|Any CPU
		{4FAD9970-D0B5-A225-2091-5FDA43B3C6DC}.Release|Any CPU.Build.0 = Release|Any CPU
	EndGlobalSection
	GlobalSection(SolutionProperties) = preSolution
		HideSolutionNode = FALSE
	EndGlobalSection
EndGlobal
